// !$*UTF8*$!
{
	archiveVersion = 1;
	classes = {
	};
	objectVersion = 46;
	objects = {

/* Begin PBXBuildFile section */
		A764B4A41A2BEDA20073A006 /* AppDelegate.swift in Sources */ = {isa = PBXBuildFile; fileRef = A764B4A31A2BEDA20073A006 /* AppDelegate.swift */; };
		A764B4A61A2BEDA20073A006 /* ViewController.swift in Sources */ = {isa = PBXBuildFile; fileRef = A764B4A51A2BEDA20073A006 /* ViewController.swift */; };
		A764B4A91A2BEDA20073A006 /* Main.storyboard in Resources */ = {isa = PBXBuildFile; fileRef = A764B4A71A2BEDA20073A006 /* Main.storyboard */; };
		A764B4AB1A2BEDA20073A006 /* Images.xcassets in Resources */ = {isa = PBXBuildFile; fileRef = A764B4AA1A2BEDA20073A006 /* Images.xcassets */; };
		A764B4AE1A2BEDA20073A006 /* LaunchScreen.xib in Resources */ = {isa = PBXBuildFile; fileRef = A764B4AC1A2BEDA20073A006 /* LaunchScreen.xib */; };
		A764B4BA1A2BEDA20073A006 /* _9RedBallonsTests.swift in Sources */ = {isa = PBXBuildFile; fileRef = A764B4B91A2BEDA20073A006 /* _9RedBallonsTests.swift */; };
/* End PBXBuildFile section */

/* Begin PBXContainerItemProxy section */
		A764B4B41A2BEDA20073A006 /* PBXContainerItemProxy */ = {
			isa = PBXContainerItemProxy;
			containerPortal = A764B4961A2BEDA20073A006 /* Project object */;
			proxyType = 1;
			remoteGlobalIDString = A764B49D1A2BEDA20073A006;
			remoteInfo = 99RedBallons;
		};
/* End PBXContainerItemProxy section */

/* Begin PBXFileReference section */
		A764B49E1A2BEDA20073A006 /* 99RedBallons.app */ = {isa = PBXFileReference; explicitFileType = wrapper.application; includeInIndex = 0; path = 99RedBallons.app; sourceTree = BUILT_PRODUCTS_DIR; };
		A764B4A21A2BEDA20073A006 /* Info.plist */ = {isa = PBXFileReference; lastKnownFileType = text.plist.xml; path = Info.plist; sourceTree = "<group>"; };
		A764B4A31A2BEDA20073A006 /* AppDelegate.swift */ = {isa = PBXFileReference; lastKnownFileType = sourcecode.swift; path = AppDelegate.swift; sourceTree = "<group>"; };
		A764B4A51A2BEDA20073A006 /* ViewController.swift */ = {isa = PBXFileReference; lastKnownFileType = sourcecode.swift; path = ViewController.swift; sourceTree = "<group>"; };
		A764B4A81A2BEDA20073A006 /* Base */ = {isa = PBXFileReference; lastKnownFileType = file.storyboard; name = Base; path = Base.lproj/Main.storyboard; sourceTree = "<group>"; };
		A764B4AA1A2BEDA20073A006 /* Images.xcassets */ = {isa = PBXFileReference; lastKnownFileType = folder.assetcatalog; path = Images.xcassets; sourceTree = "<group>"; };
		A764B4AD1A2BEDA20073A006 /* Base */ = {isa = PBXFileReference; lastKnownFileType = file.xib; name = Base; path = Base.lproj/LaunchScreen.xib; sourceTree = "<group>"; };
		A764B4B31A2BEDA20073A006 /* 99RedBallonsTests.xctest */ = {isa = PBXFileReference; explicitFileType = wrapper.cfbundle; includeInIndex = 0; path = 99RedBallonsTests.xctest; sourceTree = BUILT_PRODUCTS_DIR; };
		A764B4B81A2BEDA20073A006 /* Info.plist */ = {isa = PBXFileReference; lastKnownFileType = text.plist.xml; path = Info.plist; sourceTree = "<group>"; };
		A764B4B91A2BEDA20073A006 /* _9RedBallonsTests.swift */ = {isa = PBXFileReference; lastKnownFileType = sourcecode.swift; path = _9RedBallonsTests.swift; sourceTree = "<group>"; };
/* End PBXFileReference section */

/* Begin PBXFrameworksBuildPhase section */
		A764B49B1A2BEDA20073A006 /* Frameworks */ = {
			isa = PBXFrameworksBuildPhase;
			buildActionMask = 2147483647;
			files = (
			);
			runOnlyForDeploymentPostprocessing = 0;
		};
		A764B4B01A2BEDA20073A006 /* Frameworks */ = {
			isa = PBXFrameworksBuildPhase;
			buildActionMask = 2147483647;
			files = (
			);
			runOnlyForDeploymentPostprocessing = 0;
		};
/* End PBXFrameworksBuildPhase section */

/* Begin PBXGroup section */
		A764B4951A2BEDA20073A006 = {
			isa = PBXGroup;
			children = (
				A764B4A01A2BEDA20073A006 /* 99RedBallons */,
				A764B4B61A2BEDA20073A006 /* 99RedBallonsTests */,
				A764B49F1A2BEDA20073A006 /* Products */,
			);
			sourceTree = "<group>";
		};
		A764B49F1A2BEDA20073A006 /* Products */ = {
			isa = PBXGroup;
			children = (
				A764B49E1A2BEDA20073A006 /* 99RedBallons.app */,
				A764B4B31A2BEDA20073A006 /* 99RedBallonsTests.xctest */,
			);
			name = Products;
			sourceTree = "<group>";
		};
		A764B4A01A2BEDA20073A006 /* 99RedBallons */ = {
			isa = PBXGroup;
			children = (
				A764B4A31A2BEDA20073A006 /* AppDelegate.swift */,
				A764B4A51A2BEDA20073A006 /* ViewController.swift */,
				A764B4A71A2BEDA20073A006 /* Main.storyboard */,
				A764B4AA1A2BEDA20073A006 /* Images.xcassets */,
				A764B4AC1A2BEDA20073A006 /* LaunchScreen.xib */,
				A764B4A11A2BEDA20073A006 /* Supporting Files */,
			);
			path = 99RedBallons;
			sourceTree = "<group>";
		};
		A764B4A11A2BEDA20073A006 /* Supporting Files */ = {
			isa = PBXGroup;
			children = (
				A764B4A21A2BEDA20073A006 /* Info.plist */,
			);
			name = "Supporting Files";
			sourceTree = "<group>";
		};
		A764B4B61A2BEDA20073A006 /* 99RedBallonsTests */ = {
			isa = PBXGroup;
			children = (
				A764B4B91A2BEDA20073A006 /* _9RedBallonsTests.swift */,
				A764B4B71A2BEDA20073A006 /* Supporting Files */,
			);
			path = 99RedBallonsTests;
			sourceTree = "<group>";
		};
		A764B4B71A2BEDA20073A006 /* Supporting Files */ = {
			isa = PBXGroup;
			children = (
				A764B4B81A2BEDA20073A006 /* Info.plist */,
			);
			name = "Supporting Files";
			sourceTree = "<group>";
		};
/* End PBXGroup section */

/* Begin PBXNativeTarget section */
		A764B49D1A2BEDA20073A006 /* 99RedBallons */ = {
			isa = PBXNativeTarget;
			buildConfigurationList = A764B4BD1A2BEDA20073A006 /* Build configuration list for PBXNativeTarget "99RedBallons" */;
			buildPhases = (
				A764B49A1A2BEDA20073A006 /* Sources */,
				A764B49B1A2BEDA20073A006 /* Frameworks */,
				A764B49C1A2BEDA20073A006 /* Resources */,
			);
			buildRules = (
			);
			dependencies = (
			);
			name = 99RedBallons;
			productName = 99RedBallons;
			productReference = A764B49E1A2BEDA20073A006 /* 99RedBallons.app */;
			productType = "com.apple.product-type.application";
		};
		A764B4B21A2BEDA20073A006 /* 99RedBallonsTests */ = {
			isa = PBXNativeTarget;
			buildConfigurationList = A764B4C01A2BEDA20073A006 /* Build configuration list for PBXNativeTarget "99RedBallonsTests" */;
			buildPhases = (
				A764B4AF1A2BEDA20073A006 /* Sources */,
				A764B4B01A2BEDA20073A006 /* Frameworks */,
				A764B4B11A2BEDA20073A006 /* Resources */,
			);
			buildRules = (
			);
			dependencies = (
				A764B4B51A2BEDA20073A006 /* PBXTargetDependency */,
			);
			name = 99RedBallonsTests;
			productName = 99RedBallonsTests;
			productReference = A764B4B31A2BEDA20073A006 /* 99RedBallonsTests.xctest */;
			productType = "com.apple.product-type.bundle.unit-test";
		};
/* End PBXNativeTarget section */

/* Begin PBXProject section */
		A764B4961A2BEDA20073A006 /* Project object */ = {
			isa = PBXProject;
			attributes = {
				LastUpgradeCheck = 0610;
				ORGANIZATIONNAME = Yosemite;
				TargetAttributes = {
					A764B49D1A2BEDA20073A006 = {
						CreatedOnToolsVersion = 6.1;
					};
					A764B4B21A2BEDA20073A006 = {
						CreatedOnToolsVersion = 6.1;
						TestTargetID = A764B49D1A2BEDA20073A006;
					};
				};
			};
			buildConfigurationList = A764B4991A2BEDA20073A006 /* Build configuration list for PBXProject "99RedBallons" */;
			compatibilityVersion = "Xcode 3.2";
			developmentRegion = English;
			hasScannedForEncodings = 0;
			knownRegions = (
				en,
				Base,
			);
			mainGroup = A764B4951A2BEDA20073A006;
			productRefGroup = A764B49F1A2BEDA20073A006 /* Products */;
			projectDirPath = "";
			projectRoot = "";
			targets = (
				A764B49D1A2BEDA20073A006 /* 99RedBallons */,
				A764B4B21A2BEDA20073A006 /* 99RedBallonsTests */,
			);
		};
/* End PBXProject section */

/* Begin PBXResourcesBuildPhase section */
		A764B49C1A2BEDA20073A006 /* Resources */ = {
			isa = PBXResourcesBuildPhase;
			buildActionMask = 2147483647;
			files = (
				A764B4A91A2BEDA20073A006 /* Main.storyboard in Resources */,
				A764B4AE1A2BEDA20073A006 /* LaunchScreen.xib in Resources */,
				A764B4AB1A2BEDA20073A006 /* Images.xcassets in Resources */,
			);
			runOnlyForDeploymentPostprocessing = 0;
		};
		A764B4B11A2BEDA20073A006 /* Resources */ = {
			isa = PBXResourcesBuildPhase;
			buildActionMask = 2147483647;
			files = (
			);
			runOnlyForDeploymentPostprocessing = 0;
		};
/* End PBXResourcesBuildPhase section */

/* Begin PBXSourcesBuildPhase section */
		A764B49A1A2BEDA20073A006 /* Sources */ = {
			isa = PBXSourcesBuildPhase;
			buildActionMask = 2147483647;
			files = (
				A764B4A61A2BEDA20073A006 /* ViewController.swift in Sources */,
				A764B4A41A2BEDA20073A006 /* AppDelegate.swift in Sources */,
			);
			runOnlyForDeploymentPostprocessing = 0;
		};
		A764B4AF1A2BEDA20073A006 /* Sources */ = {
			isa = PBXSourcesBuildPhase;
			buildActionMask = 2147483647;
			files = (
				A764B4BA1A2BEDA20073A006 /* _9RedBallonsTests.swift in Sources */,
			);
			runOnlyForDeploymentPostprocessing = 0;
		};
/* End PBXSourcesBuildPhase section */

/* Begin PBXTargetDependency section */
		A764B4B51A2BEDA20073A006 /* PBXTargetDependency */ = {
			isa = PBXTargetDependency;
			target = A764B49D1A2BEDA20073A006 /* 99RedBallons */;
			targetProxy = A764B4B41A2BEDA20073A006 /* PBXContainerItemProxy */;
		};
/* End PBXTargetDependency section */

/* Begin PBXVariantGroup section */
		A764B4A71A2BEDA20073A006 /* Main.storyboard */ = {
			isa = PBXVariantGroup;
			children = (
				A764B4A81A2BEDA20073A006 /* Base */,
			);
			name = Main.storyboard;
			sourceTree = "<group>";
		};
		A764B4AC1A2BEDA20073A006 /* LaunchScreen.xib */ = {
			isa = PBXVariantGroup;
			children = (
				A764B4AD1A2BEDA20073A006 /* Base */,
			);
			name = LaunchScreen.xib;
			sourceTree = "<group>";
		};
/* End PBXVariantGroup section */

/* Begin XCBuildConfiguration section */
		A764B4BB1A2BEDA20073A006 /* Debug */ = {
			isa = XCBuildConfiguration;
			buildSettings = {
				ALWAYS_SEARCH_USER_PATHS = NO;
				CLANG_CXX_LANGUAGE_STANDARD = "gnu++0x";
				CLANG_CXX_LIBRARY = "libc++";
				CLANG_ENABLE_MODULES = YES;
				CLANG_ENABLE_OBJC_ARC = YES;
				CLANG_WARN_BOOL_CONVERSION = YES;
				CLANG_WARN_CONSTANT_CONVERSION = YES;
				CLANG_WARN_DIRECT_OBJC_ISA_USAGE = YES_ERROR;
				CLANG_WARN_EMPTY_BODY = YES;
				CLANG_WARN_ENUM_CONVERSION = YES;
				CLANG_WARN_INT_CONVERSION = YES;
				CLANG_WARN_OBJC_ROOT_CLASS = YES_ERROR;
				CLANG_WARN_UNREACHABLE_CODE = YES;
				CLANG_WARN__DUPLICATE_METHOD_MATCH = YES;
				"CODE_SIGN_IDENTITY[sdk=iphoneos*]" = "iPhone Developer";
				COPY_PHASE_STRIP = NO;
				ENABLE_STRICT_OBJC_MSGSEND = YES;
				GCC_C_LANGUAGE_STANDARD = gnu99;
				GCC_DYNAMIC_NO_PIC = NO;
				GCC_OPTIMIZATION_LEVEL = 0;
				GCC_PREPROCESSOR_DEFINITIONS = (
					"DEBUG=1",
					"$(inherited)",
				);
				GCC_SYMBOLS_PRIVATE_EXTERN = NO;
				GCC_WARN_64_TO_32_BIT_CONVERSION = YES;
				GCC_WARN_ABOUT_RETURN_TYPE = YES_ERROR;
				GCC_WARN_UNDECLARED_SELECTOR = YES;
				GCC_WARN_UNINITIALIZED_AUTOS = YES_AGGRESSIVE;
				GCC_WARN_UNUSED_FUNCTION = YES;
				GCC_WARN_UNUSED_VARIABLE = YES;
				IPHONEOS_DEPLOYMENT_TARGET = 8.1;
				MTL_ENABLE_DEBUG_INFO = YES;
				ONLY_ACTIVE_ARCH = YES;
				SDKROOT = iphoneos;
				SWIFT_OPTIMIZATION_LEVEL = "-Onone";
			};
			name = Debug;
		};
		A764B4BC1A2BEDA20073A006 /* Release */ = {
			isa = XCBuildConfiguration;
			buildSettings = {
				ALWAYS_SEARCH_USER_PATHS = NO;
				CLANG_CXX_LANGUAGE_STANDARD = "gnu++0x";
				CLANG_CXX_LIBRARY = "libc++";
				CLANG_ENABLE_MODULES = YES;
				CLANG_ENABLE_OBJC_ARC = YES;
				CLANG_WARN_BOOL_CONVERSION = YES;
				CLANG_WARN_CONSTANT_CONVERSION = YES;
				CLANG_WARN_DIRECT_OBJC_ISA_USAGE = YES_ERROR;
				CLANG_WARN_EMPTY_BODY = YES;
				CLANG_WARN_ENUM_CONVERSION = YES;
				CLANG_WARN_INT_CONVERSION = YES;
				CLANG_WARN_OBJC_ROOT_CLASS = YES_ERROR;
				CLANG_WARN_UNREACHABLE_CODE = YES;
				CLANG_WARN__DUPLICATE_METHOD_MATCH = YES;
				"CODE_SIGN_IDENTITY[sdk=iphoneos*]" = "iPhone Developer";
				COPY_PHASE_STRIP = YES;
				ENABLE_NS_ASSERTIONS = NO;
				ENABLE_STRICT_OBJC_MSGSEND = YES;
				GCC_C_LANGUAGE_STANDARD = gnu99;
				GCC_WARN_64_TO_32_BIT_CONVERSION = YES;
				GCC_WARN_ABOUT_RETURN_TYPE = YES_ERROR;
				GCC_WARN_UNDECLARED_SELECTOR = YES;
				GCC_WARN_UNINITIALIZED_AUTOS = YES_AGGRESSIVE;
				GCC_WARN_UNUSED_FUNCTION = YES;
				GCC_WARN_UNUSED_VARIABLE = YES;
				IPHONEOS_DEPLOYMENT_TARGET = 8.1;
				MTL_ENABLE_DEBUG_INFO = NO;
				SDKROOT = iphoneos;
				VALIDATE_PRODUCT = YES;
			};
			name = Release;
		};
		A764B4BE1A2BEDA20073A006 /* Debug */ = {
			isa = XCBuildConfiguration;
			buildSettings = {
				ASSETCATALOG_COMPILER_APPICON_NAME = AppIcon;
				INFOPLIST_FILE = 99RedBallons/Info.plist;
				LD_RUNPATH_SEARCH_PATHS = "$(inherited) @executable_path/Frameworks";
				PRODUCT_NAME = "$(TARGET_NAME)";
			};
			name = Debug;
		};
		A764B4BF1A2BEDA20073A006 /* Release */ = {
			isa = XCBuildConfiguration;
			buildSettings = {
				ASSETCATALOG_COMPILER_APPICON_NAME = AppIcon;
				INFOPLIST_FILE = 99RedBallons/Info.plist;
				LD_RUNPATH_SEARCH_PATHS = "$(inherited) @executable_path/Frameworks";
				PRODUCT_NAME = "$(TARGET_NAME)";
			};
			name = Release;
		};
		A764B4C11A2BEDA20073A006 /* Debug */ = {
			isa = XCBuildConfiguration;
			buildSettings = {
				BUNDLE_LOADER = "$(TEST_HOST)";
				FRAMEWORK_SEARCH_PATHS = (
					"$(SDKROOT)/Developer/Library/Frameworks",
					"$(inherited)",
				);
				GCC_PREPROCESSOR_DEFINITIONS = (
					"DEBUG=1",
					"$(inherited)",
				);
				INFOPLIST_FILE = 99RedBallonsTests/Info.plist;
				LD_RUNPATH_SEARCH_PATHS = "$(inherited) @executable_path/Frameworks @loader_path/Frameworks";
				PRODUCT_NAME = "$(TARGET_NAME)";
				TEST_HOST = "$(BUILT_PRODUCTS_DIR)/99RedBallons.app/99RedBallons";
			};
			name = Debug;
		};
		A764B4C21A2BEDA20073A006 /* Release */ = {
			isa = XCBuildConfiguration;
			buildSettings = {
				BUNDLE_LOADER = "$(TEST_HOST)";
				FRAMEWORK_SEARCH_PATHS = (
					"$(SDKROOT)/Developer/Library/Frameworks",
					"$(inherited)",
				);
				INFOPLIST_FILE = 99RedBallonsTests/Info.plist;
				LD_RUNPATH_SEARCH_PATHS = "$(inherited) @executable_path/Frameworks @loader_path/Frameworks";
				PRODUCT_NAME = "$(TARGET_NAME)";
				TEST_HOST = "$(BUILT_PRODUCTS_DIR)/99RedBallons.app/99RedBallons";
			};
			name = Release;
		};
/* End XCBuildConfiguration section */

/* Begin XCConfigurationList section */
		A764B4991A2BEDA20073A006 /* Build configuration list for PBXProject "99RedBallons" */ = {
			isa = XCConfigurationList;
			buildConfigurations = (
				A764B4BB1A2BEDA20073A006 /* Debug */,
				A764B4BC1A2BEDA20073A006 /* Release */,
			);
			defaultConfigurationIsVisible = 0;
			defaultConfigurationName = Release;
		};
		A764B4BD1A2BEDA20073A006 /* Build configuration list for PBXNativeTarget "99RedBallons" */ = {
			isa = XCConfigurationList;
			buildConfigurations = (
				A764B4BE1A2BEDA20073A006 /* Debug */,
				A764B4BF1A2BEDA20073A006 /* Release */,
			);
			defaultConfigurationIsVisible = 0;
		};
		A764B4C01A2BEDA20073A006 /* Build configuration list for PBXNativeTarget "99RedBallonsTests" */ = {
			isa = XCConfigurationList;
			buildConfigurations = (
				A764B4C11A2BEDA20073A006 /* Debug */,
				A764B4C21A2BEDA20073A006 /* Release */,
			);
			defaultConfigurationIsVisible = 0;
		};
/* End XCConfigurationList section */
	};
	rootObject = A764B4961A2BEDA20073A006 /* Project object */;
}
